<?xml version="1.0" encoding="utf-8"?>
<Project ToolsVersion="4.0" xmlns="http://schemas.microsoft.com/developer/msbuild/2003">
  <ItemGroup>
    <Filter Include="Source Files">
      <UniqueIdentifier>{4FC737F1-C7A5-4376-A066-2A32D752A2FF}</UniqueIdentifier>
      <Extensions>cpp;c;cc;cxx;def;odl;idl;hpj;bat;asm;asmx</Extensions>
    </Filter>
    <Filter Include="Header Files">
      <UniqueIdentifier>{93995380-89BD-4b04-88EB-625FBE52EBFB}</UniqueIdentifier>
      <Extensions>h;hpp;hxx;hm;inl;inc;xsd</Extensions>
    </Filter>
    <Filter Include="Resource Files">
      <UniqueIdentifier>{67DA6AB6-F800-4c08-8B7A-83BB121AAD01}</UniqueIdentifier>
      <Extensions>rc;ico;cur;bmp;dlg;rc2;rct;bin;rgs;gif;jpg;jpeg;jpe;resx;tiff;tif;png;wav;mfcribbon-ms</Extensions>
    </Filter>
    <Filter Include="Header Files\Models">
      <UniqueIdentifier>{96bb287f-c9f1-4778-9e7c-d8585f792fd2}</UniqueIdentifier>
    </Filter>
    <Filter Include="Header Files\Repositories">
      <UniqueIdentifier>{eb767fc9-497c-4b8c-bc00-74b93d8198d0}</UniqueIdentifier>
    </Filter>
  </ItemGroup>
  <ItemGroup>
    <None Include="ReadMe.txt" />
    <None Include="app.ico">
      <Filter>Resource Files</Filter>
    </None>
  </ItemGroup>
  <ItemGroup>
    <ClCompile Include="AutoShow.cpp">
      <Filter>Source Files</Filter>
    </ClCompile>
    <ClCompile Include="AssemblyInfo.cpp">
      <Filter>Source Files</Filter>
    </ClCompile>
    <ClCompile Include="stdafx.cpp">
      <Filter>Source Files</Filter>
    </ClCompile>
    <ClCompile Include="MainForm.cpp">
      <Filter>Source Files</Filter>
    </ClCompile>
    <ClCompile Include="EditCustomer.cpp">
      <Filter>Source Files</Filter>
    </ClCompile>
    <ClCompile Include="EditSelling.cpp">
      <Filter>Source Files</Filter>
    </ClCompile>
    <ClCompile Include="EditCar.cpp">
      <Filter>Source Files</Filter>
    </ClCompile>
    <ClCompile Include="EditProducer.cpp">
      <Filter>Source Files</Filter>
    </ClCompile>
    <ClCompile Include="EditSupply.cpp">
      <Filter>Source Files</Filter>
    </ClCompile>
    <ClCompile Include="EditCarType.cpp">
      <Filter>Source Files</Filter>
    </ClCompile>
  </ItemGroup>
  <ItemGroup>
    <ClInclude Include="Form1.h">
      <Filter>Header Files</Filter>
    </ClInclude>
    <ClInclude Include="stdafx.h">
      <Filter>Header Files</Filter>
    </ClInclude>
    <ClInclude Include="resource.h">
      <Filter>Header Files</Filter>
    </ClInclude>
    <ClInclude Include="MainForm.h">
      <Filter>Header Files</Filter>
    </ClInclude>
    <ClInclude Include="EditCustomer.h">
      <Filter>Header Files</Filter>
    </ClInclude>
    <ClInclude Include="EditSelling.h">
      <Filter>Header Files</Filter>
    </ClInclude>
    <ClInclude Include="EditCar.h">
      <Filter>Header Files</Filter>
    </ClInclude>
    <ClInclude Include="EditProducer.h">
      <Filter>Header Files</Filter>
    </ClInclude>
    <ClInclude Include="EditSupply.h">
      <Filter>Header Files</Filter>
    </ClInclude>
    <ClInclude Include="EditCarType.h">
      <Filter>Header Files</Filter>
    </ClInclude>
    <ClInclude Include="CarProducer.h">
      <Filter>Header Files\Models</Filter>
    </ClInclude>
    <ClInclude Include="Customer.h">
      <Filter>Header Files\Models</Filter>
    </ClInclude>
    <ClInclude Include="Selling.h">
      <Filter>Header Files\Models</Filter>
    </ClInclude>
    <ClInclude Include="Car.h">
      <Filter>Header Files\Models</Filter>
    </ClInclude>
    <ClInclude Include="CarType.h">
      <Filter>Header Files\Models</Filter>
    </ClInclude>
    <ClInclude Include="CarRepository.h">
      <Filter>Header Files\Repositories</Filter>
    </ClInclude>
    <ClInclude Include="Engine.h">
      <Filter>Header Files\Models</Filter>
    </ClInclude>
    <ClInclude Include="EngineRepository.h">
      <Filter>Header Files\Repositories</Filter>
    </ClInclude>
    <ClInclude Include="CustomerRepository.h">
      <Filter>Header Files\Repositories</Filter>
    </ClInclude>
    <ClInclude Include="SellingRepository.h">
      <Filter>Header Files\Repositories</Filter>
    </ClInclude>
    <ClInclude Include="CarTypeRepository.h">
      <Filter>Header Files\Repositories</Filter>
    </ClInclude>
    <ClInclude Include="CarProducerRepository.h">
      <Filter>Header Files\Repositories</Filter>
    </ClInclude>
  </ItemGroup>
  <ItemGroup>
    <ResourceCompile Include="app.rc">
      <Filter>Resource Files</Filter>
    </ResourceCompile>
  </ItemGroup>
  <ItemGroup>
    <EmbeddedResource Include="Form1.resX">
      <Filter>Resource Files</Filter>
    </EmbeddedResource>
    <EmbeddedResource Include="EditCar.resx">
      <Filter>Resource Files</Filter>
    </EmbeddedResource>
    <EmbeddedResource Include="MainForm.resx">
      <Filter>Resource Files</Filter>
    </EmbeddedResource>
    <EmbeddedResource Include="EditCarType.resx">
      <Filter>Resource Files</Filter>
    </EmbeddedResource>
    <EmbeddedResource Include="EditCustomer.resx">
      <Filter>Resource Files</Filter>
    </EmbeddedResource>
    <EmbeddedResource Include="EditProducer.resx">
      <Filter>Resource Files</Filter>
    </EmbeddedResource>
    <EmbeddedResource Include="EditSelling.resx">
      <Filter>Resource Files</Filter>
    </EmbeddedResource>
  </ItemGroup>
</Project>